
Microsoft Visual Studio Solution File, Format Version 12.00
# Visual Studio Version 17
VisualStudioVersion = 17.9.34728.123
MinimumVisualStudioVersion = 10.0.40219.1
Project("{FAE04EC0-301F-11D3-BF4B-00C04F79EFBC}") = "SimpleDB", "SimpleDB\SimpleDB.csproj", "{89BAF92B-96F2-4966-91D1-AE7D502A2A5A}"
EndProject
Global
	GlobalSection(SolutionConfigurationPlatforms) = preSolution
		Debug|Any CPU = Debug|Any CPU
		Release|Any CPU = Release|Any CPU
	EndGlobalSection
	GlobalSection(ProjectConfigurationPlatforms) = postSolution
		{89BAF92B-96F2-4966-91D1-AE7D502A2A5A}.Debug|Any CPU.ActiveCfg = Debug|Any CPU
		{89BAF92B-96F2-4966-91D1-AE7D502A2A5A}.Debug|Any CPU.Build.0 = Debug|Any CPU
		{89BAF92B-96F2-4966-91D1-AE7D502A2A5A}.Release|Any CPU.ActiveCfg = Release|Any CPU
		{89BAF92B-96F2-4966-91D1-AE7D502A2A5A}.Release|Any CPU.Build.0 = Release|Any CPU
	EndGlobalSection
	GlobalSection(SolutionProperties) = preSolution
		HideSolutionNode = FALSE
	EndGlobalSection
	GlobalSection(ExtensibilityGlobals) = postSolution
		SolutionGuid = {6331364B-DE57-4685-8234-CE0399A3500C}
	EndGlobalSection
EndGlobal
